# THIS IS AN AUTOGENERATED FILE. DO NOT EDIT THIS FILE DIRECTLY.
# yarn lockfile v1


"@types/typescript@^2.0.0":
  version "2.0.0"
  resolved "https://registry.yarnpkg.com/@types/typescript/-/typescript-2.0.0.tgz#c433539c98bae28682b307eaa7a0fd2115b83c28"
  integrity sha1-xDNTnJi64oaCswfqp6D9IRW4PCg=
  dependencies:
    typescript "*"

typescript@*, typescript@^3.5.2:
  version "3.5.2"
  resolved "https://registry.yarnpkg.com/typescript/-/typescript-3.5.2.tgz#a09e1dc69bc9551cadf17dba10ee42cf55e5d56c"
  integrity sha512-7KxJovlYhTX5RaRbUdkAXN1KUZ8PwWlTzQdHV6xNqvuFOs7+WBo10TQUqT19Q/Jz2hk5v9TQDIhyLhhJY4p5AA==
